// !$*UTF8*$!
{
	archiveVersion = 1;
	classes = {
	};
	objectVersion = 46;
	objects = {

/* Begin PBXBuildFile section */
		B2A7477A1CEAAF2D00C52FC1 /* AppDelegate.swift in Sources */ = {isa = PBXBuildFile; fileRef = B2A747791CEAAF2D00C52FC1 /* AppDelegate.swift */; };
		B2A7477C1CEAAF2D00C52FC1 /* ViewController.swift in Sources */ = {isa = PBXBuildFile; fileRef = B2A7477B1CEAAF2D00C52FC1 /* ViewController.swift */; };
		B2A7477F1CEAAF2D00C52FC1 /* Main.storyboard in Resources */ = {isa = PBXBuildFile; fileRef = B2A7477D1CEAAF2D00C52FC1 /* Main.storyboard */; };
		B2A747811CEAAF2D00C52FC1 /* Assets.xcassets in Resources */ = {isa = PBXBuildFile; fileRef = B2A747801CEAAF2D00C52FC1 /* Assets.xcassets */; };
		B2A747841CEAAF2D00C52FC1 /* LaunchScreen.storyboard in Resources */ = {isa = PBXBuildFile; fileRef = B2A747821CEAAF2D00C52FC1 /* LaunchScreen.storyboard */; };
/* End PBXBuildFile section */

/* Begin PBXFileReference section */
		B2A747761CEAAF2D00C52FC1 /* Multiples.app */ = {isa = PBXFileReference; explicitFileType = wrapper.application; includeInIndex = 0; path = Multiples.app; sourceTree = BUILT_PRODUCTS_DIR; };
		B2A747791CEAAF2D00C52FC1 /* AppDelegate.swift */ = {isa = PBXFileReference; lastKnownFileType = sourcecode.swift; path = AppDelegate.swift; sourceTree = "<group>"; };
		B2A7477B1CEAAF2D00C52FC1 /* ViewController.swift */ = {isa = PBXFileReference; lastKnownFileType = sourcecode.swift; path = ViewController.swift; sourceTree = "<group>"; };
		B2A7477E1CEAAF2D00C52FC1 /* Base */ = {isa = PBXFileReference; lastKnownFileType = file.storyboard; name = Base; path = Base.lproj/Main.storyboard; sourceTree = "<group>"; };
		B2A747801CEAAF2D00C52FC1 /* Assets.xcassets */ = {isa = PBXFileReference; lastKnownFileType = folder.assetcatalog; path = Assets.xcassets; sourceTree = "<group>"; };
		B2A747831CEAAF2D00C52FC1 /* Base */ = {isa = PBXFileReference; lastKnownFileType = file.storyboard; name = Base; path = Base.lproj/LaunchScreen.storyboard; sourceTree = "<group>"; };
		B2A747851CEAAF2D00C52FC1 /* Info.plist */ = {isa = PBXFileReference; lastKnownFileType = text.plist.xml; path = Info.plist; sourceTree = "<group>"; };
/* End PBXFileReference section */

/* Begin PBXFrameworksBuildPhase section */
		B2A747731CEAAF2D00C52FC1 /* Frameworks */ = {
			isa = PBXFrameworksBuildPhase;
			buildActionMask = 2147483647;
			files = (
			);
			runOnlyForDeploymentPostprocessing = 0;
		};
/* End PBXFrameworksBuildPhase section */

/* Begin PBXGroup section */
		B2A7476D1CEAAF2D00C52FC1 = {
			isa = PBXGroup;
			children = (
				B2A747781CEAAF2D00C52FC1 /* Multiples */,
				B2A747771CEAAF2D00C52FC1 /* Products */,
			);
			sourceTree = "<group>";
		};
		B2A747771CEAAF2D00C52FC1 /* Products */ = {
			isa = PBXGroup;
			children = (
				B2A747761CEAAF2D00C52FC1 /* Multiples.app */,
			);
			name = Products;
			sourceTree = "<group>";
		};
		B2A747781CEAAF2D00C52FC1 /* Multiples */ = {
			isa = PBXGroup;
			children = (
				B2A747791CEAAF2D00C52FC1 /* AppDelegate.swift */,
				B2A7477B1CEAAF2D00C52FC1 /* ViewController.swift */,
				B2A7477D1CEAAF2D00C52FC1 /* Main.storyboard */,
				B2A747801CEAAF2D00C52FC1 /* Assets.xcassets */,
				B2A747821CEAAF2D00C52FC1 /* LaunchScreen.storyboard */,
				B2A747851CEAAF2D00C52FC1 /* Info.plist */,
			);
			path = Multiples;
			sourceTree = "<group>";
		};
/* End PBXGroup section */

/* Begin PBXNativeTarget section */
		B2A747751CEAAF2D00C52FC1 /* Multiples */ = {
			isa = PBXNativeTarget;
			buildConfigurationList = B2A747881CEAAF2D00C52FC1 /* Build configuration list for PBXNativeTarget "Multiples" */;
			buildPhases = (
				B2A747721CEAAF2D00C52FC1 /* Sources */,
				B2A747731CEAAF2D00C52FC1 /* Frameworks */,
				B2A747741CEAAF2D00C52FC1 /* Resources */,
			);
			buildRules = (
			);
			dependencies = (
			);
			name = Multiples;
			productName = Multiples;
			productReference = B2A747761CEAAF2D00C52FC1 /* Multiples.app */;
			productType = "com.apple.product-type.application";
		};
/* End PBXNativeTarget section */

/* Begin PBXProject section */
		B2A7476E1CEAAF2D00C52FC1 /* Project object */ = {
			isa = PBXProject;
			attributes = {
				LastSwiftUpdateCheck = 0730;
				LastUpgradeCheck = 0730;
				ORGANIZATIONNAME = "Rosemary Espinal";
				TargetAttributes = {
					B2A747751CEAAF2D00C52FC1 = {
						CreatedOnToolsVersion = 7.3.1;
					};
				};
			};
			buildConfigurationList = B2A747711CEAAF2D00C52FC1 /* Build configuration list for PBXProject "Multiples" */;
			compatibilityVersion = "Xcode 3.2";
			developmentRegion = English;
			hasScannedForEncodings = 0;
			knownRegions = (
				en,
				Base,
			);
			mainGroup = B2A7476D1CEAAF2D00C52FC1;
			productRefGroup = B2A747771CEAAF2D00C52FC1 /* Products */;
			projectDirPath = "";
			projectRoot = "";
			targets = (
				B2A747751CEAAF2D00C52FC1 /* Multiples */,
			);
		};
/* End PBXProject section */

/* Begin PBXResourcesBuildPhase section */
		B2A747741CEAAF2D00C52FC1 /* Resources */ = {
			isa = PBXResourcesBuildPhase;
			buildActionMask = 2147483647;
			files = (
				B2A747841CEAAF2D00C52FC1 /* LaunchScreen.storyboard in Resources */,
				B2A747811CEAAF2D00C52FC1 /* Assets.xcassets in Resources */,
				B2A7477F1CEAAF2D00C52FC1 /* Main.storyboard in Resources */,
			);
			runOnlyForDeploymentPostprocessing = 0;
		};
/* End PBXResourcesBuildPhase section */

/* Begin PBXSourcesBuildPhase section */
		B2A747721CEAAF2D00C52FC1 /* Sources */ = {
			isa = PBXSourcesBuildPhase;
			buildActionMask = 2147483647;
			files = (
				B2A7477C1CEAAF2D00C52FC1 /* ViewController.swift in Sources */,
				B2A7477A1CEAAF2D00C52FC1 /* AppDelegate.swift in Sources */,
			);
			runOnlyForDeploymentPostprocessing = 0;
		};
/* End PBXSourcesBuildPhase section */

/* Begin PBXVariantGroup section */
		B2A7477D1CEAAF2D00C52FC1 /* Main.storyboard */ = {
			isa = PBXVariantGroup;
			children = (
				B2A7477E1CEAAF2D00C52FC1 /* Base */,
			);
			name = Main.storyboard;
			sourceTree = "<group>";
		};
		B2A747821CEAAF2D00C52FC1 /* LaunchScreen.storyboard */ = {
			isa = PBXVariantGroup;
			children = (
				B2A747831CEAAF2D00C52FC1 /* Base */,
			);
			name = LaunchScreen.storyboard;
			sourceTree = "<group>";
		};
/* End PBXVariantGroup section */

/* Begin XCBuildConfiguration section */
		B2A747861CEAAF2D00C52FC1 /* Debug */ = {
			isa = XCBuildConfiguration;
			buildSettings = {
				ALWAYS_SEARCH_USER_PATHS = NO;
				CLANG_ANALYZER_NONNULL = YES;
				CLANG_CXX_LANGUAGE_STANDARD = "gnu++0x";
				CLANG_CXX_LIBRARY = "libc++";
				CLANG_ENABLE_MODULES = YES;
				CLANG_ENABLE_OBJC_ARC = YES;
				CLANG_WARN_BOOL_CONVERSION = YES;
				CLANG_WARN_CONSTANT_CONVERSION = YES;
				CLANG_WARN_DIRECT_OBJC_ISA_USAGE = YES_ERROR;
				CLANG_WARN_EMPTY_BODY = YES;
				CLANG_WARN_ENUM_CONVERSION = YES;
				CLANG_WARN_INT_CONVERSION = YES;
				CLANG_WARN_OBJC_ROOT_CLASS = YES_ERROR;
				CLANG_WARN_UNREACHABLE_CODE = YES;
				CLANG_WARN__DUPLICATE_METHOD_MATCH = YES;
				"CODE_SIGN_IDENTITY[sdk=iphoneos*]" = "iPhone Developer";
				COPY_PHASE_STRIP = NO;
				DEBUG_INFORMATION_FORMAT = dwarf;
				ENABLE_STRICT_OBJC_MSGSEND = YES;
				ENABLE_TESTABILITY = YES;
				GCC_C_LANGUAGE_STANDARD = gnu99;
				GCC_DYNAMIC_NO_PIC = NO;
				GCC_NO_COMMON_BLOCKS = YES;
				GCC_OPTIMIZATION_LEVEL = 0;
				GCC_PREPROCESSOR_DEFINITIONS = (
					"DEBUG=1",
					"$(inherited)",
				);
				GCC_WARN_64_TO_32_BIT_CONVERSION = YES;
				GCC_WARN_ABOUT_RETURN_TYPE = YES_ERROR;
				GCC_WARN_UNDECLARED_SELECTOR = YES;
				GCC_WARN_UNINITIALIZED_AUTOS = YES_AGGRESSIVE;
				GCC_WARN_UNUSED_FUNCTION = YES;
				GCC_WARN_UNUSED_VARIABLE = YES;
				IPHONEOS_DEPLOYMENT_TARGET = 9.3;
				MTL_ENABLE_DEBUG_INFO = YES;
				ONLY_ACTIVE_ARCH = YES;
				SDKROOT = iphoneos;
				SWIFT_OPTIMIZATION_LEVEL = "-Onone";
				TARGETED_DEVICE_FAMILY = "1,2";
			};
			name = Debug;
		};
		B2A747871CEAAF2D00C52FC1 /* Release */ = {
			isa = XCBuildConfiguration;
			buildSettings = {
				ALWAYS_SEARCH_USER_PATHS = NO;
				CLANG_ANALYZER_NONNULL = YES;
				CLANG_CXX_LANGUAGE_STANDARD = "gnu++0x";
				CLANG_CXX_LIBRARY = "libc++";
				CLANG_ENABLE_MODULES = YES;
				CLANG_ENABLE_OBJC_ARC = YES;
				CLANG_WARN_BOOL_CONVERSION = YES;
				CLANG_WARN_CONSTANT_CONVERSION = YES;
				CLANG_WARN_DIRECT_OBJC_ISA_USAGE = YES_ERROR;
				CLANG_WARN_EMPTY_BODY = YES;
				CLANG_WARN_ENUM_CONVERSION = YES;
				CLANG_WARN_INT_CONVERSION = YES;
				CLANG_WARN_OBJC_ROOT_CLASS = YES_ERROR;
				CLANG_WARN_UNREACHABLE_CODE = YES;
				CLANG_WARN__DUPLICATE_METHOD_MATCH = YES;
				"CODE_SIGN_IDENTITY[sdk=iphoneos*]" = "iPhone Developer";
				COPY_PHASE_STRIP = NO;
				DEBUG_INFORMATION_FORMAT = "dwarf-with-dsym";
				ENABLE_NS_ASSERTIONS = NO;
				ENABLE_STRICT_OBJC_MSGSEND = YES;
				GCC_C_LANGUAGE_STANDARD = gnu99;
				GCC_NO_COMMON_BLOCKS = YES;
				GCC_WARN_64_TO_32_BIT_CONVERSION = YES;
				GCC_WARN_ABOUT_RETURN_TYPE = YES_ERROR;
				GCC_WARN_UNDECLARED_SELECTOR = YES;
				GCC_WARN_UNINITIALIZED_AUTOS = YES_AGGRESSIVE;
				GCC_WARN_UNUSED_FUNCTION = YES;
				GCC_WARN_UNUSED_VARIABLE = YES;
				IPHONEOS_DEPLOYMENT_TARGET = 9.3;
				MTL_ENABLE_DEBUG_INFO = NO;
				SDKROOT = iphoneos;
				TARGETED_DEVICE_FAMILY = "1,2";
				VALIDATE_PRODUCT = YES;
			};
			name = Release;
		};
		B2A747891CEAAF2D00C52FC1 /* Debug */ = {
			isa = XCBuildConfiguration;
			buildSettings = {
				ASSETCATALOG_COMPILER_APPICON_NAME = AppIcon;
				INFOPLIST_FILE = Multiples/Info.plist;
				LD_RUNPATH_SEARCH_PATHS = "$(inherited) @executable_path/Frameworks";
				PRODUCT_BUNDLE_IDENTIFIER = com.espinalee.Multiples;
				PRODUCT_NAME = "$(TARGET_NAME)";
			};
			name = Debug;
		};
		B2A7478A1CEAAF2D00C52FC1 /* Release */ = {
			isa = XCBuildConfiguration;
			buildSettings = {
				ASSETCATALOG_COMPILER_APPICON_NAME = AppIcon;
				INFOPLIST_FILE = Multiples/Info.plist;
				LD_RUNPATH_SEARCH_PATHS = "$(inherited) @executable_path/Frameworks";
				PRODUCT_BUNDLE_IDENTIFIER = com.espinalee.Multiples;
				PRODUCT_NAME = "$(TARGET_NAME)";
			};
			name = Release;
		};
/* End XCBuildConfiguration section */

/* Begin XCConfigurationList section */
		B2A747711CEAAF2D00C52FC1 /* Build configuration list for PBXProject "Multiples" */ = {
			isa = XCConfigurationList;
			buildConfigurations = (
				B2A747861CEAAF2D00C52FC1 /* Debug */,
				B2A747871CEAAF2D00C52FC1 /* Release */,
			);
			defaultConfigurationIsVisible = 0;
			defaultConfigurationName = Release;
		};
		B2A747881CEAAF2D00C52FC1 /* Build configuration list for PBXNativeTarget "Multiples" */ = {
			isa = XCConfigurationList;
			buildConfigurations = (
				B2A747891CEAAF2D00C52FC1 /* Debug */,
				B2A7478A1CEAAF2D00C52FC1 /* Release */,
			);
			defaultConfigurationIsVisible = 0;
		};
/* End XCConfigurationList section */
	};
	rootObject = B2A7476E1CEAAF2D00C52FC1 /* Project object */;
}
